github.com/CaiJimmy/hugo-theme-stack/v4 v4.0.0-beta.7 h1:E+WNMJsBkIS3r80GKA6SdTCmrs5g8Nysc/bN+UwBtgU=
github.com/CaiJimmy/hugo-theme-stack/v4 v4.0.0-beta.7/go.mod h1:6SWZIQIut6uVjxhLraexYzgtdNDrod0xnfM/to6D/1I=
github.com/Vimux/mainroad v0.0.0-20240906135647-13e04b3694ea h1:vQavAKtJR8eC1leDFjpiASqs19Gy7AGjktQRW+rBWHk=
github.com/Vimux/mainroad v0.0.0-20240906135647-13e04b3694ea/go.mod h1:13Sfg07PTbKTuzennbP0eC0Od7pbpfaxVcTQZWKRZeU=
github.com/hugo-sid/hugo-blog-awesome v1.21.0 h1:cxoeQgJePACmvPKqodDCLyme3iVAeGHm/l+iqyntGL4=
github.com/hugo-sid/hugo-blog-awesome v1.21.0/go.mod h1:3XVERF66wgQpTsruOajS5Swr+uvyTzov1acafNaqm1E=
github.com/olOwOlo/hugo-theme-even v4.1.0+incompatible h1:vac90+azWrNgGvanS7mN2ztvJl9P5IHFvPSS+EAbYRA=
github.com/olOwOlo/hugo-theme-even v4.1.0+incompatible/go.mod h1:fi8rrW+HLHpDEjP9Hft6Mx5ZFQRnofQuVHgavM0ruyo=
github.com/xianmin/hugo-theme-jane v0.0.0-20250519002000-b4aac7720efc h1:ZAFeRqVv0S0JpK3Ps+nN1J27lL6k94DEv4ZUazQy3BI=
github.com/xianmin/hugo-theme-jane v0.0.0-20250519002000-b4aac7720efc/go.mod h1:04zjVhTvlaWLQlbqhS0xLLLz9WhEAVkcDMt/+IQRABY=
